
Microsoft Visual Studio Solution File, Format Version 12.00
# Visual Studio Version 16
VisualStudioVersion = 16.0.32106.194
MinimumVisualStudioVersion = 10.0.40219.1
Project("{FAE04EC0-301F-11D3-BF4B-00C04F79EFBC}") = "ConsoleApp13.02.22", "ConsoleApp13.02.22.csproj", "{DDB4E1A4-6BC0-4B08-BF83-58D1C12C527F}"
EndProject
Global
	GlobalSection(SolutionConfigurationPlatforms) = preSolution
		Debug|Any CPU = Debug|Any CPU
		Release|Any CPU = Release|Any CPU
	EndGlobalSection
	GlobalSection(ProjectConfigurationPlatforms) = postSolution
		{DDB4E1A4-6BC0-4B08-BF83-58D1C12C527F}.Debug|Any CPU.ActiveCfg = Debug|Any CPU
		{DDB4E1A4-6BC0-4B08-BF83-58D1C12C527F}.Debug|Any CPU.Build.0 = Debug|Any CPU
		{DDB4E1A4-6BC0-4B08-BF83-58D1C12C527F}.Release|Any CPU.ActiveCfg = Release|Any CPU
		{DDB4E1A4-6BC0-4B08-BF83-58D1C12C527F}.Release|Any CPU.Build.0 = Release|Any CPU
	EndGlobalSection
	GlobalSection(SolutionProperties) = preSolution
		HideSolutionNode = FALSE
	EndGlobalSection
	GlobalSection(ExtensibilityGlobals) = postSolution
		SolutionGuid = {6435AA9B-547E-4B73-BD49-34C9F61BD9F5}
	EndGlobalSection
EndGlobal
